
Microsoft Visual Studio Solution File, Format Version 12.00
# Visual Studio Version 17
VisualStudioVersion = 17.6.33712.159
MinimumVisualStudioVersion = 10.0.40219.1
Project("{FAE04EC0-301F-11D3-BF4B-00C04F79EFBC}") = "Project _DB", "Project _DB.csproj", "{61B4342A-34CD-4ABC-AE82-B24D536C63E2}"
EndProject
Global
	GlobalSection(SolutionConfigurationPlatforms) = preSolution
		Debug|Any CPU = Debug|Any CPU
		Release|Any CPU = Release|Any CPU
	EndGlobalSection
	GlobalSection(ProjectConfigurationPlatforms) = postSolution
		{61B4342A-34CD-4ABC-AE82-B24D536C63E2}.Debug|Any CPU.ActiveCfg = Debug|Any CPU
		{61B4342A-34CD-4ABC-AE82-B24D536C63E2}.Debug|Any CPU.Build.0 = Debug|Any CPU
		{61B4342A-34CD-4ABC-AE82-B24D536C63E2}.Release|Any CPU.ActiveCfg = Release|Any CPU
		{61B4342A-34CD-4ABC-AE82-B24D536C63E2}.Release|Any CPU.Build.0 = Release|Any CPU
	EndGlobalSection
	GlobalSection(SolutionProperties) = preSolution
		HideSolutionNode = FALSE
	EndGlobalSection
	GlobalSection(ExtensibilityGlobals) = postSolution
		SolutionGuid = {B1BEB2A4-7AEB-41BB-8013-535A49D25BB0}
	EndGlobalSection
EndGlobal
